
Microsoft Visual Studio Solution File, Format Version 12.00
# Visual Studio Version 16
VisualStudioVersion = 16.0.32106.194
MinimumVisualStudioVersion = 10.0.40219.1
Project("{9A19103F-16F7-4668-BE54-9A1E7A4F7556}") = "UserData", "UserData\UserData.csproj", "{852B5898-032D-42F5-A52C-95378B4C9044}"
EndProject
Project("{FAE04EC0-301F-11D3-BF4B-00C04F79EFBC}") = "UserAge", "UserAge\UserAge.csproj", "{DAF30CAF-150B-4C44-BE65-0517D7B2B7A9}"
EndProject
Project("{FAE04EC0-301F-11D3-BF4B-00C04F79EFBC}") = "InstragamAgeCheck", "InstragamAgeCheck\InstragamAgeCheck.csproj", "{866F0DC5-3ADC-43A9-ACF0-81A74AEA3B38}"
EndProject
Project("{FAE04EC0-301F-11D3-BF4B-00C04F79EFBC}") = "DrivingLicence", "DrivingLicence\DrivingLicence.csproj", "{407DB81D-064B-46B2-BE2A-0E1E8780174C}"
EndProject
Global
	GlobalSection(SolutionConfigurationPlatforms) = preSolution
		Debug|Any CPU = Debug|Any CPU
		Release|Any CPU = Release|Any CPU
	EndGlobalSection
	GlobalSection(ProjectConfigurationPlatforms) = postSolution
		{852B5898-032D-42F5-A52C-95378B4C9044}.Debug|Any CPU.ActiveCfg = Debug|Any CPU
		{852B5898-032D-42F5-A52C-95378B4C9044}.Debug|Any CPU.Build.0 = Debug|Any CPU
		{852B5898-032D-42F5-A52C-95378B4C9044}.Release|Any CPU.ActiveCfg = Release|Any CPU
		{852B5898-032D-42F5-A52C-95378B4C9044}.Release|Any CPU.Build.0 = Release|Any CPU
		{DAF30CAF-150B-4C44-BE65-0517D7B2B7A9}.Debug|Any CPU.ActiveCfg = Debug|Any CPU
		{DAF30CAF-150B-4C44-BE65-0517D7B2B7A9}.Debug|Any CPU.Build.0 = Debug|Any CPU
		{DAF30CAF-150B-4C44-BE65-0517D7B2B7A9}.Release|Any CPU.ActiveCfg = Release|Any CPU
		{DAF30CAF-150B-4C44-BE65-0517D7B2B7A9}.Release|Any CPU.Build.0 = Release|Any CPU
		{866F0DC5-3ADC-43A9-ACF0-81A74AEA3B38}.Debug|Any CPU.ActiveCfg = Debug|Any CPU
		{866F0DC5-3ADC-43A9-ACF0-81A74AEA3B38}.Debug|Any CPU.Build.0 = Debug|Any CPU
		{866F0DC5-3ADC-43A9-ACF0-81A74AEA3B38}.Release|Any CPU.ActiveCfg = Release|Any CPU
		{866F0DC5-3ADC-43A9-ACF0-81A74AEA3B38}.Release|Any CPU.Build.0 = Release|Any CPU
		{407DB81D-064B-46B2-BE2A-0E1E8780174C}.Debug|Any CPU.ActiveCfg = Debug|Any CPU
		{407DB81D-064B-46B2-BE2A-0E1E8780174C}.Debug|Any CPU.Build.0 = Debug|Any CPU
		{407DB81D-064B-46B2-BE2A-0E1E8780174C}.Release|Any CPU.ActiveCfg = Release|Any CPU
		{407DB81D-064B-46B2-BE2A-0E1E8780174C}.Release|Any CPU.Build.0 = Release|Any CPU
	EndGlobalSection
	GlobalSection(SolutionProperties) = preSolution
		HideSolutionNode = FALSE
	EndGlobalSection
	GlobalSection(ExtensibilityGlobals) = postSolution
		SolutionGuid = {216D69F2-FA20-42F3-B567-7C8FF2B99FCA}
	EndGlobalSection
EndGlobal
